{
  "name": "custom-homie-code",
  "version": "1.0.0",
  "lockfileVersion": 2,
  "requires": true,
  "packages": {
    "": {
      "name": "custom-homie-code",
      "version": "1.0.0",
      "license": "ISC",
      "dependencies": {
        "circle-progress-bar": "^1.0.0"
      }
    },
    "node_modules/circle-progress-bar": {
      "version": "1.0.0",
      "resolved": "https://registry.npmjs.org/circle-progress-bar/-/circle-progress-bar-1.0.0.tgz",
      "integrity": "sha512-bKGmqRuDWAJvoUj5M/wwjXOeAlE5tOs0L5Rt+8QKNC4WdOBvnIa+TnZIpFOVtrkbdgtJ+Yf9b759lNMOW/ayXQ=="
    }
  },
  "dependencies": {
    "circle-progress-bar": {
      "version": "1.0.0",
      "resolved": "https://registry.npmjs.org/circle-progress-bar/-/circle-progress-bar-1.0.0.tgz",
      "integrity": "sha512-bKGmqRuDWAJvoUj5M/wwjXOeAlE5tOs0L5Rt+8QKNC4WdOBvnIa+TnZIpFOVtrkbdgtJ+Yf9b759lNMOW/ayXQ=="
    }
  }
}
